# This file is automatically @generated by Cargo.
# It is not intended for manual editing.
[[package]]
name = "console_gfx"
version = "0.0.3"
source = "git+https://github.com/MichaelObvious/console_gfx.git#a2310e1d5a35f33b3348d4e51fa49ec978fccd82"

[[package]]
name = "sorting"
version = "0.1.0"
dependencies = [
 "console_gfx",
]
